
Microsoft Visual Studio Solution File, Format Version 12.00
# Visual Studio Version 17
VisualStudioVersion = 17.2.32602.215
MinimumVisualStudioVersion = 10.0.40219.1
Project("{FAE04EC0-301F-11D3-BF4B-00C04F79EFBC}") = "API", "API\API.csproj", "{13F7D633-044C-42F3-BE91-65B1E8BA492D}"
EndProject
Global
	GlobalSection(SolutionConfigurationPlatforms) = preSolution
		Debug|Any CPU = Debug|Any CPU
		Release|Any CPU = Release|Any CPU
	EndGlobalSection
	GlobalSection(ProjectConfigurationPlatforms) = postSolution
		{13F7D633-044C-42F3-BE91-65B1E8BA492D}.Debug|Any CPU.ActiveCfg = Debug|Any CPU
		{13F7D633-044C-42F3-BE91-65B1E8BA492D}.Debug|Any CPU.Build.0 = Debug|Any CPU
		{13F7D633-044C-42F3-BE91-65B1E8BA492D}.Release|Any CPU.ActiveCfg = Release|Any CPU
		{13F7D633-044C-42F3-BE91-65B1E8BA492D}.Release|Any CPU.Build.0 = Release|Any CPU
	EndGlobalSection
	GlobalSection(SolutionProperties) = preSolution
		HideSolutionNode = FALSE
	EndGlobalSection
	GlobalSection(ExtensibilityGlobals) = postSolution
		SolutionGuid = {A3409D4D-14EB-49BA-B0DF-085B35C2E833}
	EndGlobalSection
EndGlobal
